
Microsoft Visual Studio Solution File, Format Version 12.00
# Visual Studio Version 17
VisualStudioVersion = 17.14.37203.1 d17.14
MinimumVisualStudioVersion = 10.0.40219.1
Project("{8BC9CEB8-8B4A-11D0-8D11-00A0C91BC942}") = "fmi-jira-iliyan", "fmi-jira-iliyan\fmi-jira-iliyan.vcxproj", "{A3F23BD1-B64D-4E5E-BA68-0471F1536CBB}"
EndProject
Global
	GlobalSection(SolutionConfigurationPlatforms) = preSolution
		Debug|x64 = Debug|x64
		Debug|x86 = Debug|x86
		Release|x64 = Release|x64
		Release|x86 = Release|x86
	EndGlobalSection
	GlobalSection(ProjectConfigurationPlatforms) = postSolution
		{A3F23BD1-B64D-4E5E-BA68-0471F1536CBB}.Debug|x64.ActiveCfg = Debug|x64
		{A3F23BD1-B64D-4E5E-BA68-0471F1536CBB}.Debug|x64.Build.0 = Debug|x64
		{A3F23BD1-B64D-4E5E-BA68-0471F1536CBB}.Debug|x86.ActiveCfg = Debug|Win32
		{A3F23BD1-B64D-4E5E-BA68-0471F1536CBB}.Debug|x86.Build.0 = Debug|Win32
		{A3F23BD1-B64D-4E5E-BA68-0471F1536CBB}.Release|x64.ActiveCfg = Release|x64
		{A3F23BD1-B64D-4E5E-BA68-0471F1536CBB}.Release|x64.Build.0 = Release|x64
		{A3F23BD1-B64D-4E5E-BA68-0471F1536CBB}.Release|x86.ActiveCfg = Release|Win32
		{A3F23BD1-B64D-4E5E-BA68-0471F1536CBB}.Release|x86.Build.0 = Release|Win32
	EndGlobalSection
	GlobalSection(SolutionProperties) = preSolution
		HideSolutionNode = FALSE
	EndGlobalSection
	GlobalSection(ExtensibilityGlobals) = postSolution
		SolutionGuid = {28D03AB3-9F05-4CE4-BD4B-D60C63C0A2B3}
	EndGlobalSection
EndGlobal
